
Microsoft Visual Studio Solution File, Format Version 12.00
# Visual Studio 2013
VisualStudioVersion = 12.0.21005.1
MinimumVisualStudioVersion = 10.0.40219.1
Project("{8BC9CEB8-8B4A-11D0-8D11-00A0C91BC942}") = "Pro_OJ(cpp.)", "Pro_OJ(cpp.)\Pro_OJ(cpp.).vcxproj", "{EF23DDE5-7A04-44E2-8080-48CED909899E}"
EndProject
Global
	GlobalSection(SolutionConfigurationPlatforms) = preSolution
		Debug|Win32 = Debug|Win32
		Release|Win32 = Release|Win32
	EndGlobalSection
	GlobalSection(ProjectConfigurationPlatforms) = postSolution
		{EF23DDE5-7A04-44E2-8080-48CED909899E}.Debug|Win32.ActiveCfg = Debug|Win32
		{EF23DDE5-7A04-44E2-8080-48CED909899E}.Debug|Win32.Build.0 = Debug|Win32
		{EF23DDE5-7A04-44E2-8080-48CED909899E}.Release|Win32.ActiveCfg = Release|Win32
		{EF23DDE5-7A04-44E2-8080-48CED909899E}.Release|Win32.Build.0 = Release|Win32
	EndGlobalSection
	GlobalSection(SolutionProperties) = preSolution
		HideSolutionNode = FALSE
	EndGlobalSection
EndGlobal
